// !$*UTF8*$!
{
	archiveVersion = 1;
	classes = {
	};
	objectVersion = 50;
	objects = {

/* Begin PBXBuildFile section */
		A5E6AB0121F431DB000BBC4E /* AppDelegate.m in Sources */ = {isa = PBXBuildFile; fileRef = A5E6AB0021F431DB000BBC4E /* AppDelegate.m */; };
		A5E6AB0421F431DB000BBC4E /* ViewController.m in Sources */ = {isa = PBXBuildFile; fileRef = A5E6AB0321F431DB000BBC4E /* ViewController.m */; };
		A5E6AB0721F431DB000BBC4E /* Main.storyboard in Resources */ = {isa = PBXBuildFile; fileRef = A5E6AB0521F431DB000BBC4E /* Main.storyboard */; };
		A5E6AB0921F431DD000BBC4E /* Assets.xcassets in Resources */ = {isa = PBXBuildFile; fileRef = A5E6AB0821F431DD000BBC4E /* Assets.xcassets */; };
		A5E6AB0C21F431DD000BBC4E /* LaunchScreen.storyboard in Resources */ = {isa = PBXBuildFile; fileRef = A5E6AB0A21F431DD000BBC4E /* LaunchScreen.storyboard */; };
		A5E6AB0F21F431DD000BBC4E /* main.m in Sources */ = {isa = PBXBuildFile; fileRef = A5E6AB0E21F431DD000BBC4E /* main.m */; };
		A5E6AB1A21F438EA000BBC4E /* UIKit.framework in Frameworks */ = {isa = PBXBuildFile; fileRef = A5E6AB1621F438B6000BBC4E /* UIKit.framework */; };
		A5E6AB1B21F438EF000BBC4E /* WebKit.framework in Frameworks */ = {isa = PBXBuildFile; fileRef = A5E6AB1821F438BF000BBC4E /* WebKit.framework */; };
		A5E6AB1D21F439B2000BBC4E /* Foundation.framework in Frameworks */ = {isa = PBXBuildFile; fileRef = A5E6AB1C21F439B2000BBC4E /* Foundation.framework */; };
		A5E6AB1F21F43DEB000BBC4E /* game.html in Resources */ = {isa = PBXBuildFile; fileRef = A5E6AB1E21F43DEB000BBC4E /* game.html */; };
		A5E6AB2321F466AD000BBC4E /* GradientView.m in Sources */ = {isa = PBXBuildFile; fileRef = A5E6AB2221F466AD000BBC4E /* GradientView.m */; };
		A5E6AB2621F46FCA000BBC4E /* CustomButton.m in Sources */ = {isa = PBXBuildFile; fileRef = A5E6AB2521F46FCA000BBC4E /* CustomButton.m */; };
		A5E6AB2921F4718A000BBC4E /* MenuViewController.m in Sources */ = {isa = PBXBuildFile; fileRef = A5E6AB2821F4718A000BBC4E /* MenuViewController.m */; };
		A5E6AB2C21F47D4E000BBC4E /* RoundedView.m in Sources */ = {isa = PBXBuildFile; fileRef = A5E6AB2B21F47D4E000BBC4E /* RoundedView.m */; };
		A5E6AB2F21F60FEA000BBC4E /* CustomTextView.m in Sources */ = {isa = PBXBuildFile; fileRef = A5E6AB2E21F60FEA000BBC4E /* CustomTextView.m */; };
/* End PBXBuildFile section */

/* Begin PBXFileReference section */
		A5E6AAFC21F431DB000BBC4E /* SpinToWin.app */ = {isa = PBXFileReference; explicitFileType = wrapper.application; includeInIndex = 0; path = SpinToWin.app; sourceTree = BUILT_PRODUCTS_DIR; };
		A5E6AAFF21F431DB000BBC4E /* AppDelegate.h */ = {isa = PBXFileReference; lastKnownFileType = sourcecode.c.h; path = AppDelegate.h; sourceTree = "<group>"; };
		A5E6AB0021F431DB000BBC4E /* AppDelegate.m */ = {isa = PBXFileReference; lastKnownFileType = sourcecode.c.objc; path = AppDelegate.m; sourceTree = "<group>"; };
		A5E6AB0221F431DB000BBC4E /* ViewController.h */ = {isa = PBXFileReference; lastKnownFileType = sourcecode.c.h; path = ViewController.h; sourceTree = "<group>"; };
		A5E6AB0321F431DB000BBC4E /* ViewController.m */ = {isa = PBXFileReference; lastKnownFileType = sourcecode.c.objc; path = ViewController.m; sourceTree = "<group>"; };
		A5E6AB0621F431DB000BBC4E /* Base */ = {isa = PBXFileReference; lastKnownFileType = file.storyboard; name = Base; path = Base.lproj/Main.storyboard; sourceTree = "<group>"; };
		A5E6AB0821F431DD000BBC4E /* Assets.xcassets */ = {isa = PBXFileReference; lastKnownFileType = folder.assetcatalog; path = Assets.xcassets; sourceTree = "<group>"; };
		A5E6AB0B21F431DD000BBC4E /* Base */ = {isa = PBXFileReference; lastKnownFileType = file.storyboard; name = Base; path = Base.lproj/LaunchScreen.storyboard; sourceTree = "<group>"; };
		A5E6AB0D21F431DD000BBC4E /* Info.plist */ = {isa = PBXFileReference; lastKnownFileType = text.plist.xml; path = Info.plist; sourceTree = "<group>"; };
		A5E6AB0E21F431DD000BBC4E /* main.m */ = {isa = PBXFileReference; lastKnownFileType = sourcecode.c.objc; path = main.m; sourceTree = "<group>"; };
		A5E6AB1621F438B6000BBC4E /* UIKit.framework */ = {isa = PBXFileReference; lastKnownFileType = wrapper.framework; name = UIKit.framework; path = System/Library/Frameworks/UIKit.framework; sourceTree = SDKROOT; };
		A5E6AB1821F438BF000BBC4E /* WebKit.framework */ = {isa = PBXFileReference; lastKnownFileType = wrapper.framework; name = WebKit.framework; path = System/Library/Frameworks/WebKit.framework; sourceTree = SDKROOT; };
		A5E6AB1C21F439B2000BBC4E /* Foundation.framework */ = {isa = PBXFileReference; lastKnownFileType = wrapper.framework; name = Foundation.framework; path = System/Library/Frameworks/Foundation.framework; sourceTree = SDKROOT; };
		A5E6AB1E21F43DEB000BBC4E /* game.html */ = {isa = PBXFileReference; fileEncoding = 4; lastKnownFileType = text.html; path = game.html; sourceTree = "<group>"; };
		A5E6AB2121F466AD000BBC4E /* GradientView.h */ = {isa = PBXFileReference; lastKnownFileType = sourcecode.c.h; path = GradientView.h; sourceTree = "<group>"; };
		A5E6AB2221F466AD000BBC4E /* GradientView.m */ = {isa = PBXFileReference; lastKnownFileType = sourcecode.c.objc; path = GradientView.m; sourceTree = "<group>"; };
		A5E6AB2421F46FCA000BBC4E /* CustomButton.h */ = {isa = PBXFileReference; lastKnownFileType = sourcecode.c.h; path = CustomButton.h; sourceTree = "<group>"; };
		A5E6AB2521F46FCA000BBC4E /* CustomButton.m */ = {isa = PBXFileReference; lastKnownFileType = sourcecode.c.objc; path = CustomButton.m; sourceTree = "<group>"; };
		A5E6AB2721F4718A000BBC4E /* MenuViewController.h */ = {isa = PBXFileReference; lastKnownFileType = sourcecode.c.h; path = MenuViewController.h; sourceTree = "<group>"; };
		A5E6AB2821F4718A000BBC4E /* MenuViewController.m */ = {isa = PBXFileReference; lastKnownFileType = sourcecode.c.objc; path = MenuViewController.m; sourceTree = "<group>"; };
		A5E6AB2A21F47D4E000BBC4E /* RoundedView.h */ = {isa = PBXFileReference; lastKnownFileType = sourcecode.c.h; path = RoundedView.h; sourceTree = "<group>"; };
		A5E6AB2B21F47D4E000BBC4E /* RoundedView.m */ = {isa = PBXFileReference; lastKnownFileType = sourcecode.c.objc; path = RoundedView.m; sourceTree = "<group>"; };
		A5E6AB2D21F60FEA000BBC4E /* CustomTextView.h */ = {isa = PBXFileReference; lastKnownFileType = sourcecode.c.h; path = CustomTextView.h; sourceTree = "<group>"; };
		A5E6AB2E21F60FEA000BBC4E /* CustomTextView.m */ = {isa = PBXFileReference; lastKnownFileType = sourcecode.c.objc; path = CustomTextView.m; sourceTree = "<group>"; };
/* End PBXFileReference section */

/* Begin PBXFrameworksBuildPhase section */
		A5E6AAF921F431DB000BBC4E /* Frameworks */ = {
			isa = PBXFrameworksBuildPhase;
			buildActionMask = 2147483647;
			files = (
				A5E6AB1D21F439B2000BBC4E /* Foundation.framework in Frameworks */,
				A5E6AB1B21F438EF000BBC4E /* WebKit.framework in Frameworks */,
				A5E6AB1A21F438EA000BBC4E /* UIKit.framework in Frameworks */,
			);
			runOnlyForDeploymentPostprocessing = 0;
		};
/* End PBXFrameworksBuildPhase section */

/* Begin PBXGroup section */
		A5E6AAF321F431DB000BBC4E = {
			isa = PBXGroup;
			children = (
				A5E6AAFE21F431DB000BBC4E /* SpinToWin */,
				A5E6AAFD21F431DB000BBC4E /* Products */,
				A5E6AB1521F438B6000BBC4E /* Frameworks */,
			);
			sourceTree = "<group>";
		};
		A5E6AAFD21F431DB000BBC4E /* Products */ = {
			isa = PBXGroup;
			children = (
				A5E6AAFC21F431DB000BBC4E /* SpinToWin.app */,
			);
			name = Products;
			sourceTree = "<group>";
		};
		A5E6AAFE21F431DB000BBC4E /* SpinToWin */ = {
			isa = PBXGroup;
			children = (
				A5E6AAFF21F431DB000BBC4E /* AppDelegate.h */,
				A5E6AB0021F431DB000BBC4E /* AppDelegate.m */,
				A5E6AB0221F431DB000BBC4E /* ViewController.h */,
				A5E6AB0321F431DB000BBC4E /* ViewController.m */,
				A5E6AB2721F4718A000BBC4E /* MenuViewController.h */,
				A5E6AB2821F4718A000BBC4E /* MenuViewController.m */,
				A5E6AB2121F466AD000BBC4E /* GradientView.h */,
				A5E6AB2221F466AD000BBC4E /* GradientView.m */,
				A5E6AB2421F46FCA000BBC4E /* CustomButton.h */,
				A5E6AB2521F46FCA000BBC4E /* CustomButton.m */,
				A5E6AB2A21F47D4E000BBC4E /* RoundedView.h */,
				A5E6AB2B21F47D4E000BBC4E /* RoundedView.m */,
				A5E6AB2D21F60FEA000BBC4E /* CustomTextView.h */,
				A5E6AB2E21F60FEA000BBC4E /* CustomTextView.m */,
				A5E6AB0521F431DB000BBC4E /* Main.storyboard */,
				A5E6AB0821F431DD000BBC4E /* Assets.xcassets */,
				A5E6AB0A21F431DD000BBC4E /* LaunchScreen.storyboard */,
				A5E6AB0D21F431DD000BBC4E /* Info.plist */,
				A5E6AB0E21F431DD000BBC4E /* main.m */,
				A5E6AB2021F43DFA000BBC4E /* HTML */,
			);
			path = SpinToWin;
			sourceTree = "<group>";
		};
		A5E6AB1521F438B6000BBC4E /* Frameworks */ = {
			isa = PBXGroup;
			children = (
				A5E6AB1C21F439B2000BBC4E /* Foundation.framework */,
				A5E6AB1821F438BF000BBC4E /* WebKit.framework */,
				A5E6AB1621F438B6000BBC4E /* UIKit.framework */,
			);
			name = Frameworks;
			sourceTree = "<group>";
		};
		A5E6AB2021F43DFA000BBC4E /* HTML */ = {
			isa = PBXGroup;
			children = (
				A5E6AB1E21F43DEB000BBC4E /* game.html */,
			);
			name = HTML;
			sourceTree = "<group>";
		};
/* End PBXGroup section */

/* Begin PBXNativeTarget section */
		A5E6AAFB21F431DB000BBC4E /* SpinToWin */ = {
			isa = PBXNativeTarget;
			buildConfigurationList = A5E6AB1221F431DD000BBC4E /* Build configuration list for PBXNativeTarget "SpinToWin" */;
			buildPhases = (
				A5E6AAF821F431DB000BBC4E /* Sources */,
				A5E6AAF921F431DB000BBC4E /* Frameworks */,
				A5E6AAFA21F431DB000BBC4E /* Resources */,
			);
			buildRules = (
			);
			dependencies = (
			);
			name = SpinToWin;
			productName = SpinToWin;
			productReference = A5E6AAFC21F431DB000BBC4E /* SpinToWin.app */;
			productType = "com.apple.product-type.application";
		};
/* End PBXNativeTarget section */

/* Begin PBXProject section */
		A5E6AAF421F431DB000BBC4E /* Project object */ = {
			isa = PBXProject;
			attributes = {
				LastUpgradeCheck = 1010;
				ORGANIZATIONNAME = Sergey;
				TargetAttributes = {
					A5E6AAFB21F431DB000BBC4E = {
						CreatedOnToolsVersion = 10.1;
					};
				};
			};
			buildConfigurationList = A5E6AAF721F431DB000BBC4E /* Build configuration list for PBXProject "SpinToWin" */;
			compatibilityVersion = "Xcode 9.3";
			developmentRegion = en;
			hasScannedForEncodings = 0;
			knownRegions = (
				en,
				Base,
			);
			mainGroup = A5E6AAF321F431DB000BBC4E;
			productRefGroup = A5E6AAFD21F431DB000BBC4E /* Products */;
			projectDirPath = "";
			projectRoot = "";
			targets = (
				A5E6AAFB21F431DB000BBC4E /* SpinToWin */,
			);
		};
/* End PBXProject section */

/* Begin PBXResourcesBuildPhase section */
		A5E6AAFA21F431DB000BBC4E /* Resources */ = {
			isa = PBXResourcesBuildPhase;
			buildActionMask = 2147483647;
			files = (
				A5E6AB1F21F43DEB000BBC4E /* game.html in Resources */,
				A5E6AB0C21F431DD000BBC4E /* LaunchScreen.storyboard in Resources */,
				A5E6AB0921F431DD000BBC4E /* Assets.xcassets in Resources */,
				A5E6AB0721F431DB000BBC4E /* Main.storyboard in Resources */,
			);
			runOnlyForDeploymentPostprocessing = 0;
		};
/* End PBXResourcesBuildPhase section */

/* Begin PBXSourcesBuildPhase section */
		A5E6AAF821F431DB000BBC4E /* Sources */ = {
			isa = PBXSourcesBuildPhase;
			buildActionMask = 2147483647;
			files = (
				A5E6AB0421F431DB000BBC4E /* ViewController.m in Sources */,
				A5E6AB2921F4718A000BBC4E /* MenuViewController.m in Sources */,
				A5E6AB2621F46FCA000BBC4E /* CustomButton.m in Sources */,
				A5E6AB2C21F47D4E000BBC4E /* RoundedView.m in Sources */,
				A5E6AB0F21F431DD000BBC4E /* main.m in Sources */,
				A5E6AB2321F466AD000BBC4E /* GradientView.m in Sources */,
				A5E6AB2F21F60FEA000BBC4E /* CustomTextView.m in Sources */,
				A5E6AB0121F431DB000BBC4E /* AppDelegate.m in Sources */,
			);
			runOnlyForDeploymentPostprocessing = 0;
		};
/* End PBXSourcesBuildPhase section */

/* Begin PBXVariantGroup section */
		A5E6AB0521F431DB000BBC4E /* Main.storyboard */ = {
			isa = PBXVariantGroup;
			children = (
				A5E6AB0621F431DB000BBC4E /* Base */,
			);
			name = Main.storyboard;
			sourceTree = "<group>";
		};
		A5E6AB0A21F431DD000BBC4E /* LaunchScreen.storyboard */ = {
			isa = PBXVariantGroup;
			children = (
				A5E6AB0B21F431DD000BBC4E /* Base */,
			);
			name = LaunchScreen.storyboard;
			sourceTree = "<group>";
		};
/* End PBXVariantGroup section */

/* Begin XCBuildConfiguration section */
		A5E6AB1021F431DD000BBC4E /* Debug */ = {
			isa = XCBuildConfiguration;
			buildSettings = {
				ALWAYS_SEARCH_USER_PATHS = NO;
				CLANG_ANALYZER_NONNULL = YES;
				CLANG_ANALYZER_NUMBER_OBJECT_CONVERSION = YES_AGGRESSIVE;
				CLANG_CXX_LANGUAGE_STANDARD = "gnu++14";
				CLANG_CXX_LIBRARY = "libc++";
				CLANG_ENABLE_MODULES = YES;
				CLANG_ENABLE_OBJC_ARC = YES;
				CLANG_ENABLE_OBJC_WEAK = YES;
				CLANG_WARN_BLOCK_CAPTURE_AUTORELEASING = YES;
				CLANG_WARN_BOOL_CONVERSION = YES;
				CLANG_WARN_COMMA = YES;
				CLANG_WARN_CONSTANT_CONVERSION = YES;
				CLANG_WARN_DEPRECATED_OBJC_IMPLEMENTATIONS = YES;
				CLANG_WARN_DIRECT_OBJC_ISA_USAGE = YES_ERROR;
				CLANG_WARN_DOCUMENTATION_COMMENTS = YES;
				CLANG_WARN_EMPTY_BODY = YES;
				CLANG_WARN_ENUM_CONVERSION = YES;
				CLANG_WARN_INFINITE_RECURSION = YES;
				CLANG_WARN_INT_CONVERSION = YES;
				CLANG_WARN_NON_LITERAL_NULL_CONVERSION = YES;
				CLANG_WARN_OBJC_IMPLICIT_RETAIN_SELF = YES;
				CLANG_WARN_OBJC_LITERAL_CONVERSION = YES;
				CLANG_WARN_OBJC_ROOT_CLASS = YES_ERROR;
				CLANG_WARN_RANGE_LOOP_ANALYSIS = YES;
				CLANG_WARN_STRICT_PROTOTYPES = YES;
				CLANG_WARN_SUSPICIOUS_MOVE = YES;
				CLANG_WARN_UNGUARDED_AVAILABILITY = YES_AGGRESSIVE;
				CLANG_WARN_UNREACHABLE_CODE = YES;
				CLANG_WARN__DUPLICATE_METHOD_MATCH = YES;
				CODE_SIGN_IDENTITY = "iPhone Developer";
				COPY_PHASE_STRIP = NO;
				DEBUG_INFORMATION_FORMAT = dwarf;
				ENABLE_STRICT_OBJC_MSGSEND = YES;
				ENABLE_TESTABILITY = YES;
				GCC_C_LANGUAGE_STANDARD = gnu11;
				GCC_DYNAMIC_NO_PIC = NO;
				GCC_NO_COMMON_BLOCKS = YES;
				GCC_OPTIMIZATION_LEVEL = 0;
				GCC_PREPROCESSOR_DEFINITIONS = (
					"DEBUG=1",
					"$(inherited)",
				);
				GCC_WARN_64_TO_32_BIT_CONVERSION = YES;
				GCC_WARN_ABOUT_RETURN_TYPE = YES_ERROR;
				GCC_WARN_UNDECLARED_SELECTOR = YES;
				GCC_WARN_UNINITIALIZED_AUTOS = YES_AGGRESSIVE;
				GCC_WARN_UNUSED_FUNCTION = YES;
				GCC_WARN_UNUSED_VARIABLE = YES;
				IPHONEOS_DEPLOYMENT_TARGET = 12.0;
				MTL_ENABLE_DEBUG_INFO = INCLUDE_SOURCE;
				MTL_FAST_MATH = YES;
				ONLY_ACTIVE_ARCH = YES;
				SDKROOT = iphoneos;
			};
			name = Debug;
		};
		A5E6AB1121F431DD000BBC4E /* Release */ = {
			isa = XCBuildConfiguration;
			buildSettings = {
				ALWAYS_SEARCH_USER_PATHS = NO;
				CLANG_ANALYZER_NONNULL = YES;
				CLANG_ANALYZER_NUMBER_OBJECT_CONVERSION = YES_AGGRESSIVE;
				CLANG_CXX_LANGUAGE_STANDARD = "gnu++14";
				CLANG_CXX_LIBRARY = "libc++";
				CLANG_ENABLE_MODULES = YES;
				CLANG_ENABLE_OBJC_ARC = YES;
				CLANG_ENABLE_OBJC_WEAK = YES;
				CLANG_WARN_BLOCK_CAPTURE_AUTORELEASING = YES;
				CLANG_WARN_BOOL_CONVERSION = YES;
				CLANG_WARN_COMMA = YES;
				CLANG_WARN_CONSTANT_CONVERSION = YES;
				CLANG_WARN_DEPRECATED_OBJC_IMPLEMENTATIONS = YES;
				CLANG_WARN_DIRECT_OBJC_ISA_USAGE = YES_ERROR;
				CLANG_WARN_DOCUMENTATION_COMMENTS = YES;
				CLANG_WARN_EMPTY_BODY = YES;
				CLANG_WARN_ENUM_CONVERSION = YES;
				CLANG_WARN_INFINITE_RECURSION = YES;
				CLANG_WARN_INT_CONVERSION = YES;
				CLANG_WARN_NON_LITERAL_NULL_CONVERSION = YES;
				CLANG_WARN_OBJC_IMPLICIT_RETAIN_SELF = YES;
				CLANG_WARN_OBJC_LITERAL_CONVERSION = YES;
				CLANG_WARN_OBJC_ROOT_CLASS = YES_ERROR;
				CLANG_WARN_RANGE_LOOP_ANALYSIS = YES;
				CLANG_WARN_STRICT_PROTOTYPES = YES;
				CLANG_WARN_SUSPICIOUS_MOVE = YES;
				CLANG_WARN_UNGUARDED_AVAILABILITY = YES_AGGRESSIVE;
				CLANG_WARN_UNREACHABLE_CODE = YES;
				CLANG_WARN__DUPLICATE_METHOD_MATCH = YES;
				CODE_SIGN_IDENTITY = "iPhone Developer";
				COPY_PHASE_STRIP = NO;
				DEBUG_INFORMATION_FORMAT = "dwarf-with-dsym";
				ENABLE_NS_ASSERTIONS = NO;
				ENABLE_STRICT_OBJC_MSGSEND = YES;
				GCC_C_LANGUAGE_STANDARD = gnu11;
				GCC_NO_COMMON_BLOCKS = YES;
				GCC_WARN_64_TO_32_BIT_CONVERSION = YES;
				GCC_WARN_ABOUT_RETURN_TYPE = YES_ERROR;
				GCC_WARN_UNDECLARED_SELECTOR = YES;
				GCC_WARN_UNINITIALIZED_AUTOS = YES_AGGRESSIVE;
				GCC_WARN_UNUSED_FUNCTION = YES;
				GCC_WARN_UNUSED_VARIABLE = YES;
				IPHONEOS_DEPLOYMENT_TARGET = 12.0;
				MTL_ENABLE_DEBUG_INFO = NO;
				MTL_FAST_MATH = YES;
				SDKROOT = iphoneos;
				VALIDATE_PRODUCT = YES;
			};
			name = Release;
		};
		A5E6AB1321F431DD000BBC4E /* Debug */ = {
			isa = XCBuildConfiguration;
			buildSettings = {
				ASSETCATALOG_COMPILER_APPICON_NAME = AppIcon;
				CODE_SIGN_STYLE = Automatic;
				DEVELOPMENT_TEAM = UQFHVUUHB2;
				INFOPLIST_FILE = SpinToWin/Info.plist;
				IPHONEOS_DEPLOYMENT_TARGET = 12.0;
				LD_RUNPATH_SEARCH_PATHS = (
					"$(inherited)",
					"@executable_path/Frameworks",
				);
				PRODUCT_BUNDLE_IDENTIFIER = com.kovyashevsb.SpinToWin;
				PRODUCT_NAME = "$(TARGET_NAME)";
				TARGETED_DEVICE_FAMILY = "1,2";
			};
			name = Debug;
		};
		A5E6AB1421F431DD000BBC4E /* Release */ = {
			isa = XCBuildConfiguration;
			buildSettings = {
				ASSETCATALOG_COMPILER_APPICON_NAME = AppIcon;
				CODE_SIGN_STYLE = Automatic;
				DEVELOPMENT_TEAM = UQFHVUUHB2;
				INFOPLIST_FILE = SpinToWin/Info.plist;
				IPHONEOS_DEPLOYMENT_TARGET = 12.0;
				LD_RUNPATH_SEARCH_PATHS = (
					"$(inherited)",
					"@executable_path/Frameworks",
				);
				PRODUCT_BUNDLE_IDENTIFIER = com.kovyashevsb.SpinToWin;
				PRODUCT_NAME = "$(TARGET_NAME)";
				TARGETED_DEVICE_FAMILY = "1,2";
			};
			name = Release;
		};
/* End XCBuildConfiguration section */

/* Begin XCConfigurationList section */
		A5E6AAF721F431DB000BBC4E /* Build configuration list for PBXProject "SpinToWin" */ = {
			isa = XCConfigurationList;
			buildConfigurations = (
				A5E6AB1021F431DD000BBC4E /* Debug */,
				A5E6AB1121F431DD000BBC4E /* Release */,
			);
			defaultConfigurationIsVisible = 0;
			defaultConfigurationName = Release;
		};
		A5E6AB1221F431DD000BBC4E /* Build configuration list for PBXNativeTarget "SpinToWin" */ = {
			isa = XCConfigurationList;
			buildConfigurations = (
				A5E6AB1321F431DD000BBC4E /* Debug */,
				A5E6AB1421F431DD000BBC4E /* Release */,
			);
			defaultConfigurationIsVisible = 0;
			defaultConfigurationName = Release;
		};
/* End XCConfigurationList section */
	};
	rootObject = A5E6AAF421F431DB000BBC4E /* Project object */;
}
